
Microsoft Visual Studio Solution File, Format Version 12.00
# Visual Studio Version 17
VisualStudioVersion = 17.12.35527.113
MinimumVisualStudioVersion = 10.0.40219.1
Project("{FAE04EC0-301F-11D3-BF4B-00C04F79EFBC}") = "TechXpress", "TechXpress\TechXpress.csproj", "{56A55245-CE25-4EF7-B4AA-2940C2006B83}"
EndProject
Project("{FAE04EC0-301F-11D3-BF4B-00C04F79EFBC}") = "TechXpress.DataAccess", "TechXpress.DataAccess\TechXpress.DataAccess.csproj", "{8063BCF2-96D1-4D01-AA8A-345D9A637BA6}"
EndProject
Project("{FAE04EC0-301F-11D3-BF4B-00C04F79EFBC}") = "TechXpress.Models", "TechXpress.Data\TechXpress.Models.csproj", "{9DDA3F43-18DE-441D-8863-D75FE39A2D07}"
EndProject
Global
	GlobalSection(SolutionConfigurationPlatforms) = preSolution
		Debug|Any CPU = Debug|Any CPU
		Release|Any CPU = Release|Any CPU
	EndGlobalSection
	GlobalSection(ProjectConfigurationPlatforms) = postSolution
		{56A55245-CE25-4EF7-B4AA-2940C2006B83}.Debug|Any CPU.ActiveCfg = Debug|Any CPU
		{56A55245-CE25-4EF7-B4AA-2940C2006B83}.Debug|Any CPU.Build.0 = Debug|Any CPU
		{56A55245-CE25-4EF7-B4AA-2940C2006B83}.Release|Any CPU.ActiveCfg = Release|Any CPU
		{56A55245-CE25-4EF7-B4AA-2940C2006B83}.Release|Any CPU.Build.0 = Release|Any CPU
		{8063BCF2-96D1-4D01-AA8A-345D9A637BA6}.Debug|Any CPU.ActiveCfg = Debug|Any CPU
		{8063BCF2-96D1-4D01-AA8A-345D9A637BA6}.Debug|Any CPU.Build.0 = Debug|Any CPU
		{8063BCF2-96D1-4D01-AA8A-345D9A637BA6}.Release|Any CPU.ActiveCfg = Release|Any CPU
		{8063BCF2-96D1-4D01-AA8A-345D9A637BA6}.Release|Any CPU.Build.0 = Release|Any CPU
		{9DDA3F43-18DE-441D-8863-D75FE39A2D07}.Debug|Any CPU.ActiveCfg = Debug|Any CPU
		{9DDA3F43-18DE-441D-8863-D75FE39A2D07}.Debug|Any CPU.Build.0 = Debug|Any CPU
		{9DDA3F43-18DE-441D-8863-D75FE39A2D07}.Release|Any CPU.ActiveCfg = Release|Any CPU
		{9DDA3F43-18DE-441D-8863-D75FE39A2D07}.Release|Any CPU.Build.0 = Release|Any CPU
	EndGlobalSection
	GlobalSection(SolutionProperties) = preSolution
		HideSolutionNode = FALSE
	EndGlobalSection
EndGlobal
